
Microsoft Visual Studio Solution File, Format Version 12.00
# Visual Studio 15
VisualStudioVersion = 15.0.27130.0
MinimumVisualStudioVersion = 10.0.40219.1
Project("{FAE04EC0-301F-11D3-BF4B-00C04F79EFBC}") = "KNN_Diabet_Tahmin", "KNN_Diabet_Tahmin\KNN_Diabet_Tahmin.csproj", "{A5C5133C-58AB-4C52-A078-7C14570F18A9}"
EndProject
Global
	GlobalSection(SolutionConfigurationPlatforms) = preSolution
		Debug|Any CPU = Debug|Any CPU
		Release|Any CPU = Release|Any CPU
	EndGlobalSection
	GlobalSection(ProjectConfigurationPlatforms) = postSolution
		{A5C5133C-58AB-4C52-A078-7C14570F18A9}.Debug|Any CPU.ActiveCfg = Debug|Any CPU
		{A5C5133C-58AB-4C52-A078-7C14570F18A9}.Debug|Any CPU.Build.0 = Debug|Any CPU
		{A5C5133C-58AB-4C52-A078-7C14570F18A9}.Release|Any CPU.ActiveCfg = Release|Any CPU
		{A5C5133C-58AB-4C52-A078-7C14570F18A9}.Release|Any CPU.Build.0 = Release|Any CPU
	EndGlobalSection
	GlobalSection(SolutionProperties) = preSolution
		HideSolutionNode = FALSE
	EndGlobalSection
	GlobalSection(ExtensibilityGlobals) = postSolution
		SolutionGuid = {F5D7C320-A75C-442B-9347-2C1D8815D265}
	EndGlobalSection
EndGlobal
